
Microsoft Visual Studio Solution File, Format Version 12.00
# Visual Studio Version 16
VisualStudioVersion = 16.0.31729.503
MinimumVisualStudioVersion = 10.0.40219.1
Project("{FAE04EC0-301F-11D3-BF4B-00C04F79EFBC}") = "Stok_Takip_Otomasyonu", "Stok_Takip_Otomasyonu\Stok_Takip_Otomasyonu.csproj", "{FBAB8475-5364-4FBA-A575-B8078AA7BC43}"
EndProject
Project("{54435603-DBB4-11D2-8724-00A0C9A8B90C}") = "Setup1", "Setup1\Setup1.vdproj", "{3CF570F0-4AD7-4F9D-A1FF-C99664C6260C}"
EndProject
Global
	GlobalSection(SolutionConfigurationPlatforms) = preSolution
		Debug|Any CPU = Debug|Any CPU
		Release|Any CPU = Release|Any CPU
	EndGlobalSection
	GlobalSection(ProjectConfigurationPlatforms) = postSolution
		{FBAB8475-5364-4FBA-A575-B8078AA7BC43}.Debug|Any CPU.ActiveCfg = Debug|Any CPU
		{FBAB8475-5364-4FBA-A575-B8078AA7BC43}.Debug|Any CPU.Build.0 = Debug|Any CPU
		{FBAB8475-5364-4FBA-A575-B8078AA7BC43}.Release|Any CPU.ActiveCfg = Release|Any CPU
		{FBAB8475-5364-4FBA-A575-B8078AA7BC43}.Release|Any CPU.Build.0 = Release|Any CPU
		{3CF570F0-4AD7-4F9D-A1FF-C99664C6260C}.Debug|Any CPU.ActiveCfg = Debug
		{3CF570F0-4AD7-4F9D-A1FF-C99664C6260C}.Release|Any CPU.ActiveCfg = Release
	EndGlobalSection
	GlobalSection(SolutionProperties) = preSolution
		HideSolutionNode = FALSE
	EndGlobalSection
	GlobalSection(ExtensibilityGlobals) = postSolution
		SolutionGuid = {000BCE57-6B78-41B9-95B3-54A3F21CF1B2}
	EndGlobalSection
EndGlobal
